
Microsoft Visual Studio Solution File, Format Version 12.00
# Visual Studio Version 17
VisualStudioVersion = 17.10.35122.118
MinimumVisualStudioVersion = 10.0.40219.1
Project("{FAE04EC0-301F-11D3-BF4B-00C04F79EFBC}") = "ChllengePlusSoft", "ChllengePlusSoft\ChllengePlusSoft.csproj", "{AB72239F-F87D-41BA-B681-DA0EA851A4B4}"
EndProject
Global
	GlobalSection(SolutionConfigurationPlatforms) = preSolution
		Debug|Any CPU = Debug|Any CPU
		Release|Any CPU = Release|Any CPU
	EndGlobalSection
	GlobalSection(ProjectConfigurationPlatforms) = postSolution
		{AB72239F-F87D-41BA-B681-DA0EA851A4B4}.Debug|Any CPU.ActiveCfg = Debug|Any CPU
		{AB72239F-F87D-41BA-B681-DA0EA851A4B4}.Debug|Any CPU.Build.0 = Debug|Any CPU
		{AB72239F-F87D-41BA-B681-DA0EA851A4B4}.Release|Any CPU.ActiveCfg = Release|Any CPU
		{AB72239F-F87D-41BA-B681-DA0EA851A4B4}.Release|Any CPU.Build.0 = Release|Any CPU
	EndGlobalSection
	GlobalSection(SolutionProperties) = preSolution
		HideSolutionNode = FALSE
	EndGlobalSection
	GlobalSection(ExtensibilityGlobals) = postSolution
		SolutionGuid = {EC19B5A2-8732-4CCE-B961-1C492DD07C4A}
	EndGlobalSection
EndGlobal
