
Microsoft Visual Studio Solution File, Format Version 12.00
# Visual Studio Version 17
VisualStudioVersion = 17.10.35122.118
MinimumVisualStudioVersion = 10.0.40219.1
Project("{9A19103F-16F7-4668-BE54-9A1E7A4F7556}") = "ChllengePlusSoft", "ChllengePlusSoft\ChllengePlusSoft.csproj", "{AB72239F-F87D-41BA-B681-DA0EA851A4B4}"
EndProject
Project("{FAE04EC0-301F-11D3-BF4B-00C04F79EFBC}") = "tests", "tests\tests.csproj", "{B9A93E3B-FD02-4AA0-835E-6518056E3261}"
EndProject
Global
	GlobalSection(SolutionConfigurationPlatforms) = preSolution
		Debug|Any CPU = Debug|Any CPU
		Release|Any CPU = Release|Any CPU
	EndGlobalSection
	GlobalSection(ProjectConfigurationPlatforms) = postSolution
		{AB72239F-F87D-41BA-B681-DA0EA851A4B4}.Debug|Any CPU.ActiveCfg = Debug|Any CPU
		{AB72239F-F87D-41BA-B681-DA0EA851A4B4}.Debug|Any CPU.Build.0 = Debug|Any CPU
		{AB72239F-F87D-41BA-B681-DA0EA851A4B4}.Release|Any CPU.ActiveCfg = Release|Any CPU
		{AB72239F-F87D-41BA-B681-DA0EA851A4B4}.Release|Any CPU.Build.0 = Release|Any CPU
		{B9A93E3B-FD02-4AA0-835E-6518056E3261}.Debug|Any CPU.ActiveCfg = Debug|Any CPU
		{B9A93E3B-FD02-4AA0-835E-6518056E3261}.Debug|Any CPU.Build.0 = Debug|Any CPU
		{B9A93E3B-FD02-4AA0-835E-6518056E3261}.Release|Any CPU.ActiveCfg = Release|Any CPU
		{B9A93E3B-FD02-4AA0-835E-6518056E3261}.Release|Any CPU.Build.0 = Release|Any CPU
	EndGlobalSection
	GlobalSection(SolutionProperties) = preSolution
		HideSolutionNode = FALSE
	EndGlobalSection
	GlobalSection(ExtensibilityGlobals) = postSolution
		SolutionGuid = {EC19B5A2-8732-4CCE-B961-1C492DD07C4A}
	EndGlobalSection
EndGlobal
